
Microsoft Visual Studio Solution File, Format Version 12.00
# Visual Studio Version 17
VisualStudioVersion = 17.11.35303.130
MinimumVisualStudioVersion = 10.0.40219.1
Project("{FAE04EC0-301F-11D3-BF4B-00C04F79EFBC}") = "Punto1_Vendedor", "Punto1_Vendedor\Punto1_Vendedor.csproj", "{3E0FBA5F-B561-4E73-BBDD-CBEB798566F1}"
EndProject
Global
	GlobalSection(SolutionConfigurationPlatforms) = preSolution
		Debug|Any CPU = Debug|Any CPU
		Release|Any CPU = Release|Any CPU
	EndGlobalSection
	GlobalSection(ProjectConfigurationPlatforms) = postSolution
		{3E0FBA5F-B561-4E73-BBDD-CBEB798566F1}.Debug|Any CPU.ActiveCfg = Debug|Any CPU
		{3E0FBA5F-B561-4E73-BBDD-CBEB798566F1}.Debug|Any CPU.Build.0 = Debug|Any CPU
		{3E0FBA5F-B561-4E73-BBDD-CBEB798566F1}.Release|Any CPU.ActiveCfg = Release|Any CPU
		{3E0FBA5F-B561-4E73-BBDD-CBEB798566F1}.Release|Any CPU.Build.0 = Release|Any CPU
	EndGlobalSection
	GlobalSection(SolutionProperties) = preSolution
		HideSolutionNode = FALSE
	EndGlobalSection
	GlobalSection(ExtensibilityGlobals) = postSolution
		SolutionGuid = {DD41E878-C0CA-4242-A2B6-4223D19588F9}
	EndGlobalSection
EndGlobal
